PODS:
  - Flutter (1.0.0)
  - flutter_credit_card (0.0.1):
    - Flutter
  - Stripe (24.16.2):
    - StripeApplePay (= 24.16.2)
    - StripeCore (= 24.16.2)
    - StripePayments (= 24.16.2)
    - StripePaymentsUI (= 24.16.2)
    - StripeUICore (= 24.16.2)
  - stripe_ios (0.0.1):
    - Flutter
    - Stripe (~> 24.16.1)
    - stripe_ios/stripe_ios (= 0.0.1)
    - stripe_ios/stripe_objc (= 0.0.1)
    - StripeApplePay (~> 24.16.1)
    - StripeFinancialConnections (~> 24.16.1)
    - StripePayments (~> 24.16.1)
    - StripePaymentSheet (~> 24.16.1)
    - StripePaymentsUI (~> 24.16.1)
  - stripe_ios/stripe_ios (0.0.1):
    - Flutter
    - Stripe (~> 24.16.1)
    - stripe_ios/stripe_objc
    - StripeApplePay (~> 24.16.1)
    - StripeFinancialConnections (~> 24.16.1)
    - StripePayments (~> 24.16.1)
    - StripePaymentSheet (~> 24.16.1)
    - StripePaymentsUI (~> 24.16.1)
  - stripe_ios/stripe_objc (0.0.1):
    - Flutter
    - Stripe (~> 24.16.1)
    - StripeApplePay (~> 24.16.1)
    - StripeFinancialConnections (~> 24.16.1)
    - StripePayments (~> 24.16.1)
    - StripePaymentSheet (~> 24.16.1)
    - StripePaymentsUI (~> 24.16.1)
  - StripeApplePay (24.16.2):
    - StripeCore (= 24.16.2)
  - StripeCore (24.16.2)
  - StripeFinancialConnections (24.16.2):
    - StripeCore (= 24.16.2)
    - StripeUICore (= 24.16.2)
  - StripePayments (24.16.2):
    - StripeCore (= 24.16.2)
    - StripePayments/Stripe3DS2 (= 24.16.2)
  - StripePayments/Stripe3DS2 (24.16.2):
    - StripeCore (= 24.16.2)
  - StripePaymentSheet (24.16.2):
    - StripeApplePay (= 24.16.2)
    - StripeCore (= 24.16.2)
    - StripePayments (= 24.16.2)
    - StripePaymentsUI (= 24.16.2)
  - StripePaymentsUI (24.16.2):
    - StripeCore (= 24.16.2)
    - StripePayments (= 24.16.2)
    - StripeUICore (= 24.16.2)
  - StripeUICore (24.16.2):
    - StripeCore (= 24.16.2)

DEPENDENCIES:
  - Flutter (from `Flutter`)
  - flutter_credit_card (from `.symlinks/plugins/flutter_credit_card/ios`)
  - stripe_ios (from `.symlinks/plugins/stripe_ios/ios`)

SPEC REPOS:
  trunk:
    - Stripe
    - StripeApplePay
    - StripeCore
    - StripeFinancialConnections
    - StripePayments
    - StripePaymentSheet
    - StripePaymentsUI
    - StripeUICore

EXTERNAL SOURCES:
  Flutter:
    :path: Flutter
  flutter_credit_card:
    :path: ".symlinks/plugins/flutter_credit_card/ios"
  stripe_ios:
    :path: ".symlinks/plugins/stripe_ios/ios"

SPEC CHECKSUMS:
  Flutter: cabc95a1d2626b1b06e7179b784ebcf0c0cde467
  flutter_credit_card: 75489579678755891ccb1ddcc13415defcea4f01
  Stripe: ae1b368097280ad027c1ec4a817a0a78bb74a6ee
  stripe_ios: 4d9a7e2f67c5edacc634a0d0565603e081856b4f
  StripeApplePay: 66dc43ec1284904a2cf4c5a0906f86296d23afbd
  StripeCore: f3a62397cecaf4da1827bcf07de7312ec1f3b96e
  StripeFinancialConnections: ca4584ba0e08649787d7672b9ca4bb3c972e3d43
  StripePayments: b3e7817d821ceedd469008d17d94a1494ff1b624
  StripePaymentSheet: f4f5b71cef665f05a185c29b2d4b59e7dd8c117d
  StripePaymentsUI: d489e73bf790da1c74e642021475b1a09a4a4500
  StripeUICore: 723e5024c83acb5ba5e71335e110a471b182a74d

PODFILE CHECKSUM: 3c63482e143d1b91d2d2560aee9fb04ecc74ac7e

COCOAPODS: 1.16.2
